// !$*UTF8*$!
{
	archiveVersion = 1;
	classes = {
	};
	objectVersion = 50;
	objects = {

/* Begin PBXBuildFile section */
		1256472D25978A7C00DE779D /* ColorCollectionViewCell.swift in Sources */ = {isa = PBXBuildFile; fileRef = 1256472C25978A7C00DE779D /* ColorCollectionViewCell.swift */; };
		12C5A4B42595F8B10097B477 /* AppDelegate.swift in Sources */ = {isa = PBXBuildFile; fileRef = 12C5A4B32595F8B10097B477 /* AppDelegate.swift */; };
		12C5A4B62595F8B10097B477 /* SceneDelegate.swift in Sources */ = {isa = PBXBuildFile; fileRef = 12C5A4B52595F8B10097B477 /* SceneDelegate.swift */; };
		12C5A4B82595F8B10097B477 /* ViewController.swift in Sources */ = {isa = PBXBuildFile; fileRef = 12C5A4B72595F8B10097B477 /* ViewController.swift */; };
		12C5A4BB2595F8B10097B477 /* Main.storyboard in Resources */ = {isa = PBXBuildFile; fileRef = 12C5A4B92595F8B10097B477 /* Main.storyboard */; };
		12C5A4BD2595F8B20097B477 /* Assets.xcassets in Resources */ = {isa = PBXBuildFile; fileRef = 12C5A4BC2595F8B20097B477 /* Assets.xcassets */; };
		12C5A4C02595F8B20097B477 /* LaunchScreen.storyboard in Resources */ = {isa = PBXBuildFile; fileRef = 12C5A4BE2595F8B20097B477 /* LaunchScreen.storyboard */; };
		12C5A4C9259612330097B477 /* ConvasView.swift in Sources */ = {isa = PBXBuildFile; fileRef = 12C5A4C8259612330097B477 /* ConvasView.swift */; };
/* End PBXBuildFile section */

/* Begin PBXFileReference section */
		1256472C25978A7C00DE779D /* ColorCollectionViewCell.swift */ = {isa = PBXFileReference; lastKnownFileType = sourcecode.swift; path = ColorCollectionViewCell.swift; sourceTree = "<group>"; };
		12C5A4B02595F8B10097B477 /* CanvasTest.app */ = {isa = PBXFileReference; explicitFileType = wrapper.application; includeInIndex = 0; path = CanvasTest.app; sourceTree = BUILT_PRODUCTS_DIR; };
		12C5A4B32595F8B10097B477 /* AppDelegate.swift */ = {isa = PBXFileReference; lastKnownFileType = sourcecode.swift; path = AppDelegate.swift; sourceTree = "<group>"; };
		12C5A4B52595F8B10097B477 /* SceneDelegate.swift */ = {isa = PBXFileReference; lastKnownFileType = sourcecode.swift; path = SceneDelegate.swift; sourceTree = "<group>"; };
		12C5A4B72595F8B10097B477 /* ViewController.swift */ = {isa = PBXFileReference; lastKnownFileType = sourcecode.swift; path = ViewController.swift; sourceTree = "<group>"; };
		12C5A4BA2595F8B10097B477 /* Base */ = {isa = PBXFileReference; lastKnownFileType = file.storyboard; name = Base; path = Base.lproj/Main.storyboard; sourceTree = "<group>"; };
		12C5A4BC2595F8B20097B477 /* Assets.xcassets */ = {isa = PBXFileReference; lastKnownFileType = folder.assetcatalog; path = Assets.xcassets; sourceTree = "<group>"; };
		12C5A4BF2595F8B20097B477 /* Base */ = {isa = PBXFileReference; lastKnownFileType = file.storyboard; name = Base; path = Base.lproj/LaunchScreen.storyboard; sourceTree = "<group>"; };
		12C5A4C12595F8B20097B477 /* Info.plist */ = {isa = PBXFileReference; lastKnownFileType = text.plist.xml; path = Info.plist; sourceTree = "<group>"; };
		12C5A4C8259612330097B477 /* ConvasView.swift */ = {isa = PBXFileReference; lastKnownFileType = sourcecode.swift; path = ConvasView.swift; sourceTree = "<group>"; };
/* End PBXFileReference section */

/* Begin PBXFrameworksBuildPhase section */
		12C5A4AD2595F8B10097B477 /* Frameworks */ = {
			isa = PBXFrameworksBuildPhase;
			buildActionMask = 2147483647;
			files = (
			);
			runOnlyForDeploymentPostprocessing = 0;
		};
/* End PBXFrameworksBuildPhase section */

/* Begin PBXGroup section */
		12C5A4A72595F8B10097B477 = {
			isa = PBXGroup;
			children = (
				12C5A4B22595F8B10097B477 /* CanvasTest */,
				12C5A4B12595F8B10097B477 /* Products */,
			);
			sourceTree = "<group>";
		};
		12C5A4B12595F8B10097B477 /* Products */ = {
			isa = PBXGroup;
			children = (
				12C5A4B02595F8B10097B477 /* CanvasTest.app */,
			);
			name = Products;
			sourceTree = "<group>";
		};
		12C5A4B22595F8B10097B477 /* CanvasTest */ = {
			isa = PBXGroup;
			children = (
				12C5A4B32595F8B10097B477 /* AppDelegate.swift */,
				12C5A4B52595F8B10097B477 /* SceneDelegate.swift */,
				12C5A4B72595F8B10097B477 /* ViewController.swift */,
				12C5A4B92595F8B10097B477 /* Main.storyboard */,
				1256472C25978A7C00DE779D /* ColorCollectionViewCell.swift */,
				12C5A4C8259612330097B477 /* ConvasView.swift */,
				12C5A4BC2595F8B20097B477 /* Assets.xcassets */,
				12C5A4BE2595F8B20097B477 /* LaunchScreen.storyboard */,
				12C5A4C12595F8B20097B477 /* Info.plist */,
			);
			path = CanvasTest;
			sourceTree = "<group>";
		};
/* End PBXGroup section */

/* Begin PBXNativeTarget section */
		12C5A4AF2595F8B10097B477 /* CanvasTest */ = {
			isa = PBXNativeTarget;
			buildConfigurationList = 12C5A4C42595F8B20097B477 /* Build configuration list for PBXNativeTarget "CanvasTest" */;
			buildPhases = (
				12C5A4AC2595F8B10097B477 /* Sources */,
				12C5A4AD2595F8B10097B477 /* Frameworks */,
				12C5A4AE2595F8B10097B477 /* Resources */,
			);
			buildRules = (
			);
			dependencies = (
			);
			name = CanvasTest;
			productName = CanvasTest;
			productReference = 12C5A4B02595F8B10097B477 /* CanvasTest.app */;
			productType = "com.apple.product-type.application";
		};
/* End PBXNativeTarget section */

/* Begin PBXProject section */
		12C5A4A82595F8B10097B477 /* Project object */ = {
			isa = PBXProject;
			attributes = {
				LastSwiftUpdateCheck = 1230;
				LastUpgradeCheck = 1230;
				TargetAttributes = {
					12C5A4AF2595F8B10097B477 = {
						CreatedOnToolsVersion = 12.3;
					};
				};
			};
			buildConfigurationList = 12C5A4AB2595F8B10097B477 /* Build configuration list for PBXProject "CanvasTest" */;
			compatibilityVersion = "Xcode 9.3";
			developmentRegion = en;
			hasScannedForEncodings = 0;
			knownRegions = (
				en,
				Base,
			);
			mainGroup = 12C5A4A72595F8B10097B477;
			productRefGroup = 12C5A4B12595F8B10097B477 /* Products */;
			projectDirPath = "";
			projectRoot = "";
			targets = (
				12C5A4AF2595F8B10097B477 /* CanvasTest */,
			);
		};
/* End PBXProject section */

/* Begin PBXResourcesBuildPhase section */
		12C5A4AE2595F8B10097B477 /* Resources */ = {
			isa = PBXResourcesBuildPhase;
			buildActionMask = 2147483647;
			files = (
				12C5A4C02595F8B20097B477 /* LaunchScreen.storyboard in Resources */,
				12C5A4BD2595F8B20097B477 /* Assets.xcassets in Resources */,
				12C5A4BB2595F8B10097B477 /* Main.storyboard in Resources */,
			);
			runOnlyForDeploymentPostprocessing = 0;
		};
/* End PBXResourcesBuildPhase section */

/* Begin PBXSourcesBuildPhase section */
		12C5A4AC2595F8B10097B477 /* Sources */ = {
			isa = PBXSourcesBuildPhase;
			buildActionMask = 2147483647;
			files = (
				1256472D25978A7C00DE779D /* ColorCollectionViewCell.swift in Sources */,
				12C5A4C9259612330097B477 /* ConvasView.swift in Sources */,
				12C5A4B82595F8B10097B477 /* ViewController.swift in Sources */,
				12C5A4B42595F8B10097B477 /* AppDelegate.swift in Sources */,
				12C5A4B62595F8B10097B477 /* SceneDelegate.swift in Sources */,
			);
			runOnlyForDeploymentPostprocessing = 0;
		};
/* End PBXSourcesBuildPhase section */

/* Begin PBXVariantGroup section */
		12C5A4B92595F8B10097B477 /* Main.storyboard */ = {
			isa = PBXVariantGroup;
			children = (
				12C5A4BA2595F8B10097B477 /* Base */,
			);
			name = Main.storyboard;
			sourceTree = "<group>";
		};
		12C5A4BE2595F8B20097B477 /* LaunchScreen.storyboard */ = {
			isa = PBXVariantGroup;
			children = (
				12C5A4BF2595F8B20097B477 /* Base */,
			);
			name = LaunchScreen.storyboard;
			sourceTree = "<group>";
		};
/* End PBXVariantGroup section */

/* Begin XCBuildConfiguration section */
		12C5A4C22595F8B20097B477 /* Debug */ = {
			isa = XCBuildConfiguration;
			buildSettings = {
				ALWAYS_SEARCH_USER_PATHS = NO;
				CLANG_ANALYZER_NONNULL = YES;
				CLANG_ANALYZER_NUMBER_OBJECT_CONVERSION = YES_AGGRESSIVE;
				CLANG_CXX_LANGUAGE_STANDARD = "gnu++14";
				CLANG_CXX_LIBRARY = "libc++";
				CLANG_ENABLE_MODULES = YES;
				CLANG_ENABLE_OBJC_ARC = YES;
				CLANG_ENABLE_OBJC_WEAK = YES;
				CLANG_WARN_BLOCK_CAPTURE_AUTORELEASING = YES;
				CLANG_WARN_BOOL_CONVERSION = YES;
				CLANG_WARN_COMMA = YES;
				CLANG_WARN_CONSTANT_CONVERSION = YES;
				CLANG_WARN_DEPRECATED_OBJC_IMPLEMENTATIONS = YES;
				CLANG_WARN_DIRECT_OBJC_ISA_USAGE = YES_ERROR;
				CLANG_WARN_DOCUMENTATION_COMMENTS = YES;
				CLANG_WARN_EMPTY_BODY = YES;
				CLANG_WARN_ENUM_CONVERSION = YES;
				CLANG_WARN_INFINITE_RECURSION = YES;
				CLANG_WARN_INT_CONVERSION = YES;
				CLANG_WARN_NON_LITERAL_NULL_CONVERSION = YES;
				CLANG_WARN_OBJC_IMPLICIT_RETAIN_SELF = YES;
				CLANG_WARN_OBJC_LITERAL_CONVERSION = YES;
				CLANG_WARN_OBJC_ROOT_CLASS = YES_ERROR;
				CLANG_WARN_QUOTED_INCLUDE_IN_FRAMEWORK_HEADER = YES;
				CLANG_WARN_RANGE_LOOP_ANALYSIS = YES;
				CLANG_WARN_STRICT_PROTOTYPES = YES;
				CLANG_WARN_SUSPICIOUS_MOVE = YES;
				CLANG_WARN_UNGUARDED_AVAILABILITY = YES_AGGRESSIVE;
				CLANG_WARN_UNREACHABLE_CODE = YES;
				CLANG_WARN__DUPLICATE_METHOD_MATCH = YES;
				COPY_PHASE_STRIP = NO;
				DEBUG_INFORMATION_FORMAT = dwarf;
				ENABLE_STRICT_OBJC_MSGSEND = YES;
				ENABLE_TESTABILITY = YES;
				GCC_C_LANGUAGE_STANDARD = gnu11;
				GCC_DYNAMIC_NO_PIC = NO;
				GCC_NO_COMMON_BLOCKS = YES;
				GCC_OPTIMIZATION_LEVEL = 0;
				GCC_PREPROCESSOR_DEFINITIONS = (
					"DEBUG=1",
					"$(inherited)",
				);
				GCC_WARN_64_TO_32_BIT_CONVERSION = YES;
				GCC_WARN_ABOUT_RETURN_TYPE = YES_ERROR;
				GCC_WARN_UNDECLARED_SELECTOR = YES;
				GCC_WARN_UNINITIALIZED_AUTOS = YES_AGGRESSIVE;
				GCC_WARN_UNUSED_FUNCTION = YES;
				GCC_WARN_UNUSED_VARIABLE = YES;
				IPHONEOS_DEPLOYMENT_TARGET = 14.3;
				MTL_ENABLE_DEBUG_INFO = INCLUDE_SOURCE;
				MTL_FAST_MATH = YES;
				ONLY_ACTIVE_ARCH = YES;
				SDKROOT = iphoneos;
				SWIFT_ACTIVE_COMPILATION_CONDITIONS = DEBUG;
				SWIFT_OPTIMIZATION_LEVEL = "-Onone";
			};
			name = Debug;
		};
		12C5A4C32595F8B20097B477 /* Release */ = {
			isa = XCBuildConfiguration;
			buildSettings = {
				ALWAYS_SEARCH_USER_PATHS = NO;
				CLANG_ANALYZER_NONNULL = YES;
				CLANG_ANALYZER_NUMBER_OBJECT_CONVERSION = YES_AGGRESSIVE;
				CLANG_CXX_LANGUAGE_STANDARD = "gnu++14";
				CLANG_CXX_LIBRARY = "libc++";
				CLANG_ENABLE_MODULES = YES;
				CLANG_ENABLE_OBJC_ARC = YES;
				CLANG_ENABLE_OBJC_WEAK = YES;
				CLANG_WARN_BLOCK_CAPTURE_AUTORELEASING = YES;
				CLANG_WARN_BOOL_CONVERSION = YES;
				CLANG_WARN_COMMA = YES;
				CLANG_WARN_CONSTANT_CONVERSION = YES;
				CLANG_WARN_DEPRECATED_OBJC_IMPLEMENTATIONS = YES;
				CLANG_WARN_DIRECT_OBJC_ISA_USAGE = YES_ERROR;
				CLANG_WARN_DOCUMENTATION_COMMENTS = YES;
				CLANG_WARN_EMPTY_BODY = YES;
				CLANG_WARN_ENUM_CONVERSION = YES;
				CLANG_WARN_INFINITE_RECURSION = YES;
				CLANG_WARN_INT_CONVERSION = YES;
				CLANG_WARN_NON_LITERAL_NULL_CONVERSION = YES;
				CLANG_WARN_OBJC_IMPLICIT_RETAIN_SELF = YES;
				CLANG_WARN_OBJC_LITERAL_CONVERSION = YES;
				CLANG_WARN_OBJC_ROOT_CLASS = YES_ERROR;
				CLANG_WARN_QUOTED_INCLUDE_IN_FRAMEWORK_HEADER = YES;
				CLANG_WARN_RANGE_LOOP_ANALYSIS = YES;
				CLANG_WARN_STRICT_PROTOTYPES = YES;
				CLANG_WARN_SUSPICIOUS_MOVE = YES;
				CLANG_WARN_UNGUARDED_AVAILABILITY = YES_AGGRESSIVE;
				CLANG_WARN_UNREACHABLE_CODE = YES;
				CLANG_WARN__DUPLICATE_METHOD_MATCH = YES;
				COPY_PHASE_STRIP = NO;
				DEBUG_INFORMATION_FORMAT = "dwarf-with-dsym";
				ENABLE_NS_ASSERTIONS = NO;
				ENABLE_STRICT_OBJC_MSGSEND = YES;
				GCC_C_LANGUAGE_STANDARD = gnu11;
				GCC_NO_COMMON_BLOCKS = YES;
				GCC_WARN_64_TO_32_BIT_CONVERSION = YES;
				GCC_WARN_ABOUT_RETURN_TYPE = YES_ERROR;
				GCC_WARN_UNDECLARED_SELECTOR = YES;
				GCC_WARN_UNINITIALIZED_AUTOS = YES_AGGRESSIVE;
				GCC_WARN_UNUSED_FUNCTION = YES;
				GCC_WARN_UNUSED_VARIABLE = YES;
				IPHONEOS_DEPLOYMENT_TARGET = 14.3;
				MTL_ENABLE_DEBUG_INFO = NO;
				MTL_FAST_MATH = YES;
				SDKROOT = iphoneos;
				SWIFT_COMPILATION_MODE = wholemodule;
				SWIFT_OPTIMIZATION_LEVEL = "-O";
				VALIDATE_PRODUCT = YES;
			};
			name = Release;
		};
		12C5A4C52595F8B20097B477 /* Debug */ = {
			isa = XCBuildConfiguration;
			buildSettings = {
				ASSETCATALOG_COMPILER_APPICON_NAME = AppIcon;
				ASSETCATALOG_COMPILER_GLOBAL_ACCENT_COLOR_NAME = AccentColor;
				CODE_SIGN_STYLE = Automatic;
				DEVELOPMENT_TEAM = 2Y3QU82646;
				INFOPLIST_FILE = CanvasTest/Info.plist;
				LD_RUNPATH_SEARCH_PATHS = (
					"$(inherited)",
					"@executable_path/Frameworks",
				);
				PRODUCT_BUNDLE_IDENTIFIER = com.xuan.CanvasTest;
				PRODUCT_NAME = "$(TARGET_NAME)";
				SWIFT_VERSION = 5.0;
				TARGETED_DEVICE_FAMILY = "1,2";
			};
			name = Debug;
		};
		12C5A4C62595F8B20097B477 /* Release */ = {
			isa = XCBuildConfiguration;
			buildSettings = {
				ASSETCATALOG_COMPILER_APPICON_NAME = AppIcon;
				ASSETCATALOG_COMPILER_GLOBAL_ACCENT_COLOR_NAME = AccentColor;
				CODE_SIGN_STYLE = Automatic;
				DEVELOPMENT_TEAM = 2Y3QU82646;
				INFOPLIST_FILE = CanvasTest/Info.plist;
				LD_RUNPATH_SEARCH_PATHS = (
					"$(inherited)",
					"@executable_path/Frameworks",
				);
				PRODUCT_BUNDLE_IDENTIFIER = com.xuan.CanvasTest;
				PRODUCT_NAME = "$(TARGET_NAME)";
				SWIFT_VERSION = 5.0;
				TARGETED_DEVICE_FAMILY = "1,2";
			};
			name = Release;
		};
/* End XCBuildConfiguration section */

/* Begin XCConfigurationList section */
		12C5A4AB2595F8B10097B477 /* Build configuration list for PBXProject "CanvasTest" */ = {
			isa = XCConfigurationList;
			buildConfigurations = (
				12C5A4C22595F8B20097B477 /* Debug */,
				12C5A4C32595F8B20097B477 /* Release */,
			);
			defaultConfigurationIsVisible = 0;
			defaultConfigurationName = Release;
		};
		12C5A4C42595F8B20097B477 /* Build configuration list for PBXNativeTarget "CanvasTest" */ = {
			isa = XCConfigurationList;
			buildConfigurations = (
				12C5A4C52595F8B20097B477 /* Debug */,
				12C5A4C62595F8B20097B477 /* Release */,
			);
			defaultConfigurationIsVisible = 0;
			defaultConfigurationName = Release;
		};
/* End XCConfigurationList section */
	};
	rootObject = 12C5A4A82595F8B10097B477 /* Project object */;
}
